// !$*UTF8*$!
{
	archiveVersion = 1;
	classes = {
	};
	objectVersion = 77;
	objects = {

/* Begin PBXBuildFile section */
		4C0F160000000000000000D1 /* MovieTableCore in Frameworks */ = {isa = PBXBuildFile; productRef = 4C0F160000000000000000C1 /* MovieTableCore */; };
		4C0F160000000000000000D2 /* MovieTableData in Frameworks */ = {isa = PBXBuildFile; productRef = 4C0F160000000000000000C2 /* MovieTableData */; };
		4C0F160000000000000000D3 /* MovieTableUI in Frameworks */ = {isa = PBXBuildFile; productRef = 4C0F160000000000000000C3 /* MovieTableUI */; };
/* End PBXBuildFile section */

/* Begin PBXContainerItemProxy section */
		48D84CA730583B89002CD7B2 /* PBXContainerItemProxy */ = {
			isa = PBXContainerItemProxy;
			containerPortal = 48D84C9130583B84002CD7B2 /* Project object */;
			proxyType = 1;
			remoteGlobalIDString = 48D84C9830583B84002CD7B2;
			remoteInfo = MovieTable;
		};
		48D84CB130583B89002CD7B2 /* PBXContainerItemProxy */ = {
			isa = PBXContainerItemProxy;
			containerPortal = 48D84C9130583B84002CD7B2 /* Project object */;
			proxyType = 1;
			remoteGlobalIDString = 48D84C9830583B84002CD7B2;
			remoteInfo = MovieTable;
		};
/* End PBXContainerItemProxy section */

/* Begin PBXFileReference section */
		48D84C9930583B84002CD7B2 /* MovieTable.app */ = {isa = PBXFileReference; explicitFileType = wrapper.application; includeInIndex = 0; path = MovieTable.app; sourceTree = BUILT_PRODUCTS_DIR; };
		48D84CA630583B89002CD7B2 /* MovieTableTests.xctest */ = {isa = PBXFileReference; explicitFileType = wrapper.cfbundle; includeInIndex = 0; path = MovieTableTests.xctest; sourceTree = BUILT_PRODUCTS_DIR; };
		48D84CB030583B89002CD7B2 /* MovieTableUITests.xctest */ = {isa = PBXFileReference; explicitFileType = wrapper.cfbundle; includeInIndex = 0; path = MovieTableUITests.xctest; sourceTree = BUILT_PRODUCTS_DIR; };
		4C0F160000000000000000A1 /* Config.xcconfig */ = {isa = PBXFileReference; fileEncoding = 4; lastKnownFileType = text.xcconfig; path = Config.xcconfig; sourceTree = "<group>"; };
/* End PBXFileReference section */

/* Begin PBXFileSystemSynchronizedRootGroup section */
		48D84C9B30583B84002CD7B2 /* MovieTable */ = {
			isa = PBXFileSystemSynchronizedRootGroup;
			path = MovieTable;
			sourceTree = "<group>";
		};
		48D84CA930583B89002CD7B2 /* MovieTableTests */ = {
			isa = PBXFileSystemSynchronizedRootGroup;
			path = MovieTableTests;
			sourceTree = "<group>";
		};
		48D84CB330583B89002CD7B2 /* MovieTableUITests */ = {
			isa = PBXFileSystemSynchronizedRootGroup;
			path = MovieTableUITests;
			sourceTree = "<group>";
		};
/* End PBXFileSystemSynchronizedRootGroup section */

/* Begin PBXFrameworksBuildPhase section */
		48D84C9630583B84002CD7B2 /* Frameworks */ = {
			isa = PBXFrameworksBuildPhase;
			buildActionMask = 2147483647;
			files = (
				4C0F160000000000000000D1 /* MovieTableCore in Frameworks */,
				4C0F160000000000000000D2 /* MovieTableData in Frameworks */,
				4C0F160000000000000000D3 /* MovieTableUI in Frameworks */,
			);
			runOnlyForDeploymentPostprocessing = 0;
		};
		48D84CA330583B89002CD7B2 /* Frameworks */ = {
			isa = PBXFrameworksBuildPhase;
			buildActionMask = 2147483647;
			files = (
			);
			runOnlyForDeploymentPostprocessing = 0;
		};
		48D84CAD30583B89002CD7B2 /* Frameworks */ = {
			isa = PBXFrameworksBuildPhase;
			buildActionMask = 2147483647;
			files = (
			);
			runOnlyForDeploymentPostprocessing = 0;
		};
/* End PBXFrameworksBuildPhase section */

/* Begin PBXGroup section */
		48D84C9030583B84002CD7B2 = {
			isa = PBXGroup;
			children = (
				48D84C9B30583B84002CD7B2 /* MovieTable */,
				48D84CA930583B89002CD7B2 /* MovieTableTests */,
				48D84CB330583B89002CD7B2 /* MovieTableUITests */,
				48D84C9A30583B84002CD7B2 /* Products */,
			);
			sourceTree = "<group>";
		};
		48D84C9A30583B84002CD7B2 /* Products */ = {
			isa = PBXGroup;
			children = (
				48D84C9930583B84002CD7B2 /* MovieTable.app */,
				48D84CA630583B89002CD7B2 /* MovieTableTests.xctest */,
				48D84CB030583B89002CD7B2 /* MovieTableUITests.xctest */,
			);
			name = Products;
			sourceTree = "<group>";
		};
/* End PBXGroup section */

/* Begin PBXNativeTarget section */
		48D84C9830583B84002CD7B2 /* MovieTable */ = {
			isa = PBXNativeTarget;
			buildConfigurationList = 48D84CBA30583B89002CD7B2 /* Build configuration list for PBXNativeTarget "MovieTable" */;
			buildPhases = (
				48D84C9530583B84002CD7B2 /* Sources */,
				48D84C9630583B84002CD7B2 /* Frameworks */,
				48D84C9730583B84002CD7B2 /* Resources */,
			);
			buildRules = (
			);
			dependencies = (
			);
			fileSystemSynchronizedGroups = (
				48D84C9B30583B84002CD7B2 /* MovieTable */,
			);
			name = MovieTable;
			packageProductDependencies = (
				4C0F160000000000000000C1 /* MovieTableCore */,
				4C0F160000000000000000C2 /* MovieTableData */,
				4C0F160000000000000000C3 /* MovieTableUI */,
			);
			productName = MovieTable;
			productReference = 48D84C9930583B84002CD7B2 /* MovieTable.app */;
			productType = "com.apple.product-type.application";
		};
		48D84CA530583B89002CD7B2 /* MovieTableTests */ = {
			isa = PBXNativeTarget;
			buildConfigurationList = 48D84CBD30583B89002CD7B2 /* Build configuration list for PBXNativeTarget "MovieTableTests" */;
			buildPhases = (
				48D84CA230583B89002CD7B2 /* Sources */,
				48D84CA330583B89002CD7B2 /* Frameworks */,
				48D84CA430583B89002CD7B2 /* Resources */,
			);
			buildRules = (
			);
			dependencies = (
				48D84CA830583B89002CD7B2 /* PBXTargetDependency */,
			);
			fileSystemSynchronizedGroups = (
				48D84CA930583B89002CD7B2 /* MovieTableTests */,
			);
			name = MovieTableTests;
			packageProductDependencies = (
			);
			productName = MovieTableTests;
			productReference = 48D84CA630583B89002CD7B2 /* MovieTableTests.xctest */;
			productType = "com.apple.product-type.bundle.unit-test";
		};
		48D84CAF30583B89002CD7B2 /* MovieTableUITests */ = {
			isa = PBXNativeTarget;
			buildConfigurationList = 48D84CC030583B89002CD7B2 /* Build configuration list for PBXNativeTarget "MovieTableUITests" */;
			buildPhases = (
				48D84CAC30583B89002CD7B2 /* Sources */,
				48D84CAD30583B89002CD7B2 /* Frameworks */,
				48D84CAE30583B89002CD7B2 /* Resources */,
			);
			buildRules = (
			);
			dependencies = (
				48D84CB230583B89002CD7B2 /* PBXTargetDependency */,
			);
			fileSystemSynchronizedGroups = (
				48D84CB330583B89002CD7B2 /* MovieTableUITests */,
			);
			name = MovieTableUITests;
			packageProductDependencies = (
			);
			productName = MovieTableUITests;
			productReference = 48D84CB030583B89002CD7B2 /* MovieTableUITests.xctest */;
			productType = "com.apple.product-type.bundle.ui-testing";
		};
/* End PBXNativeTarget section */

/* Begin PBXProject section */
		48D84C9130583B84002CD7B2 /* Project object */ = {
			isa = PBXProject;
			attributes = {
				BuildIndependentTargetsInParallel = 1;
				LastSwiftUpdateCheck = 2650;
				LastUpgradeCheck = 2650;
				TargetAttributes = {
					48D84C9830583B84002CD7B2 = {
						CreatedOnToolsVersion = 26.5;
					};
					48D84CA530583B89002CD7B2 = {
						CreatedOnToolsVersion = 26.5;
						TestTargetID = 48D84C9830583B84002CD7B2;
					};
					48D84CAF30583B89002CD7B2 = {
						CreatedOnToolsVersion = 26.5;
						TestTargetID = 48D84C9830583B84002CD7B2;
					};
				};
			};
			buildConfigurationList = 48D84C9430583B84002CD7B2 /* Build configuration list for PBXProject "MovieTable" */;
			developmentRegion = en;
			hasScannedForEncodings = 0;
			knownRegions = (
				en,
				Base,
			);
			mainGroup = 48D84C9030583B84002CD7B2;
			minimizedProjectReferenceProxies = 1;
			preferredProjectObjectVersion = 77;
			productRefGroup = 48D84C9A30583B84002CD7B2 /* Products */;
			packageReferences = (
				4C0F160000000000000000B1 /* XCLocalSwiftPackageReference "Packages/MovieTableCore" */,
				4C0F160000000000000000B2 /* XCLocalSwiftPackageReference "Packages/MovieTableData" */,
				4C0F160000000000000000B3 /* XCLocalSwiftPackageReference "Packages/MovieTableUI" */,
			);
			projectDirPath = "";
			projectRoot = "";
			targets = (
				48D84C9830583B84002CD7B2 /* MovieTable */,
				48D84CA530583B89002CD7B2 /* MovieTableTests */,
				48D84CAF30583B89002CD7B2 /* MovieTableUITests */,
			);
		};
/* End PBXProject section */

/* Begin PBXResourcesBuildPhase section */
		48D84C9730583B84002CD7B2 /* Resources */ = {
			isa = PBXResourcesBuildPhase;
			buildActionMask = 2147483647;
			files = (
			);
			runOnlyForDeploymentPostprocessing = 0;
		};
		48D84CA430583B89002CD7B2 /* Resources */ = {
			isa = PBXResourcesBuildPhase;
			buildActionMask = 2147483647;
			files = (
			);
			runOnlyForDeploymentPostprocessing = 0;
		};
		48D84CAE30583B89002CD7B2 /* Resources */ = {
			isa = PBXResourcesBuildPhase;
			buildActionMask = 2147483647;
			files = (
			);
			runOnlyForDeploymentPostprocessing = 0;
		};
/* End PBXResourcesBuildPhase section */

/* Begin PBXSourcesBuildPhase section */
		48D84C9530583B84002CD7B2 /* Sources */ = {
			isa = PBXSourcesBuildPhase;
			buildActionMask = 2147483647;
			files = (
			);
			runOnlyForDeploymentPostprocessing = 0;
		};
		48D84CA230583B89002CD7B2 /* Sources */ = {
			isa = PBXSourcesBuildPhase;
			buildActionMask = 2147483647;
			files = (
			);
			runOnlyForDeploymentPostprocessing = 0;
		};
		48D84CAC30583B89002CD7B2 /* Sources */ = {
			isa = PBXSourcesBuildPhase;
			buildActionMask = 2147483647;
			files = (
			);
			runOnlyForDeploymentPostprocessing = 0;
		};
/* End PBXSourcesBuildPhase section */

/* Begin PBXTargetDependency section */
		48D84CA830583B89002CD7B2 /* PBXTargetDependency */ = {
			isa = PBXTargetDependency;
			target = 48D84C9830583B84002CD7B2 /* MovieTable */;
			targetProxy = 48D84CA730583B89002CD7B2 /* PBXContainerItemProxy */;
		};
		48D84CB230583B89002CD7B2 /* PBXTargetDependency */ = {
			isa = PBXTargetDependency;
			target = 48D84C9830583B84002CD7B2 /* MovieTable */;
			targetProxy = 48D84CB130583B89002CD7B2 /* PBXContainerItemProxy */;
		};
/* End PBXTargetDependency section */

/* Begin XCBuildConfiguration section */
		48D84CB830583B89002CD7B2 /* Debug */ = {
			isa = XCBuildConfiguration;
			buildSettings = {
				ALWAYS_SEARCH_USER_PATHS = NO;
				ASSETCATALOG_COMPILER_GENERATE_SWIFT_ASSET_SYMBOL_EXTENSIONS = YES;
				CLANG_ANALYZER_NONNULL = YES;
				CLANG_ANALYZER_NUMBER_OBJECT_CONVERSION = YES_AGGRESSIVE;
				CLANG_CXX_LANGUAGE_STANDARD = "gnu++20";
				CLANG_ENABLE_MODULES = YES;
				CLANG_ENABLE_OBJC_ARC = YES;
				CLANG_ENABLE_OBJC_WEAK = YES;
				CLANG_WARN_BLOCK_CAPTURE_AUTORELEASING = YES;
				CLANG_WARN_BOOL_CONVERSION = YES;
				CLANG_WARN_COMMA = YES;
				CLANG_WARN_CONSTANT_CONVERSION = YES;
				CLANG_WARN_DEPRECATED_OBJC_IMPLEMENTATIONS = YES;
				CLANG_WARN_DIRECT_OBJC_ISA_USAGE = YES_ERROR;
				CLANG_WARN_DOCUMENTATION_COMMENTS = YES;
				CLANG_WARN_EMPTY_BODY = YES;
				CLANG_WARN_ENUM_CONVERSION = YES;
				CLANG_WARN_INFINITE_RECURSION = YES;
				CLANG_WARN_INT_CONVERSION = YES;
				CLANG_WARN_NON_LITERAL_NULL_CONVERSION = YES;
				CLANG_WARN_OBJC_IMPLICIT_RETAIN_SELF = YES;
				CLANG_WARN_OBJC_LITERAL_CONVERSION = YES;
				CLANG_WARN_OBJC_ROOT_CLASS = YES_ERROR;
				CLANG_WARN_QUOTED_INCLUDE_IN_FRAMEWORK_HEADER = YES;
				CLANG_WARN_RANGE_LOOP_ANALYSIS = YES;
				CLANG_WARN_STRICT_PROTOTYPES = YES;
				CLANG_WARN_SUSPICIOUS_MOVE = YES;
				CLANG_WARN_UNGUARDED_AVAILABILITY = YES_AGGRESSIVE;
				CLANG_WARN_UNREACHABLE_CODE = YES;
				CLANG_WARN__DUPLICATE_METHOD_MATCH = YES;
				COPY_PHASE_STRIP = NO;
				DEBUG_INFORMATION_FORMAT = dwarf;
				ENABLE_STRICT_OBJC_MSGSEND = YES;
				ENABLE_TESTABILITY = YES;
				ENABLE_USER_SCRIPT_SANDBOXING = YES;
				GCC_C_LANGUAGE_STANDARD = gnu17;
				GCC_DYNAMIC_NO_PIC = NO;
				GCC_NO_COMMON_BLOCKS = YES;
				GCC_OPTIMIZATION_LEVEL = 0;
				GCC_PREPROCESSOR_DEFINITIONS = (
					"DEBUG=1",
					"$(inherited)",
				);
				GCC_WARN_64_TO_32_BIT_CONVERSION = YES;
				GCC_WARN_ABOUT_RETURN_TYPE = YES_ERROR;
				GCC_WARN_UNDECLARED_SELECTOR = YES;
				GCC_WARN_UNINITIALIZED_AUTOS = YES_AGGRESSIVE;
				GCC_WARN_UNUSED_FUNCTION = YES;
				GCC_WARN_UNUSED_VARIABLE = YES;
				LOCALIZATION_PREFERS_STRING_CATALOGS = YES;
				MTL_ENABLE_DEBUG_INFO = INCLUDE_SOURCE;
				MTL_FAST_MATH = YES;
				ONLY_ACTIVE_ARCH = YES;
				SWIFT_ACTIVE_COMPILATION_CONDITIONS = "DEBUG $(inherited)";
				SWIFT_OPTIMIZATION_LEVEL = "-Onone";
			};
			name = Debug;
		};
		48D84CB930583B89002CD7B2 /* Release */ = {
			isa = XCBuildConfiguration;
			buildSettings = {
				ALWAYS_SEARCH_USER_PATHS = NO;
				ASSETCATALOG_COMPILER_GENERATE_SWIFT_ASSET_SYMBOL_EXTENSIONS = YES;
				CLANG_ANALYZER_NONNULL = YES;
				CLANG_ANALYZER_NUMBER_OBJECT_CONVERSION = YES_AGGRESSIVE;
				CLANG_CXX_LANGUAGE_STANDARD = "gnu++20";
				CLANG_ENABLE_MODULES = YES;
				CLANG_ENABLE_OBJC_ARC = YES;
				CLANG_ENABLE_OBJC_WEAK = YES;
				CLANG_WARN_BLOCK_CAPTURE_AUTORELEASING = YES;
				CLANG_WARN_BOOL_CONVERSION = YES;
				CLANG_WARN_COMMA = YES;
				CLANG_WARN_CONSTANT_CONVERSION = YES;
				CLANG_WARN_DEPRECATED_OBJC_IMPLEMENTATIONS = YES;
				CLANG_WARN_DIRECT_OBJC_ISA_USAGE = YES_ERROR;
				CLANG_WARN_DOCUMENTATION_COMMENTS = YES;
				CLANG_WARN_EMPTY_BODY = YES;
				CLANG_WARN_ENUM_CONVERSION = YES;
				CLANG_WARN_INFINITE_RECURSION = YES;
				CLANG_WARN_INT_CONVERSION = YES;
				CLANG_WARN_NON_LITERAL_NULL_CONVERSION = YES;
				CLANG_WARN_OBJC_IMPLICIT_RETAIN_SELF = YES;
				CLANG_WARN_OBJC_LITERAL_CONVERSION = YES;
				CLANG_WARN_OBJC_ROOT_CLASS = YES_ERROR;
				CLANG_WARN_QUOTED_INCLUDE_IN_FRAMEWORK_HEADER = YES;
				CLANG_WARN_RANGE_LOOP_ANALYSIS = YES;
				CLANG_WARN_STRICT_PROTOTYPES = YES;
				CLANG_WARN_SUSPICIOUS_MOVE = YES;
				CLANG_WARN_UNGUARDED_AVAILABILITY = YES_AGGRESSIVE;
				CLANG_WARN_UNREACHABLE_CODE = YES;
				CLANG_WARN__DUPLICATE_METHOD_MATCH = YES;
				COPY_PHASE_STRIP = NO;
				DEBUG_INFORMATION_FORMAT = "dwarf-with-dsym";
				ENABLE_NS_ASSERTIONS = NO;
				ENABLE_STRICT_OBJC_MSGSEND = YES;
				ENABLE_USER_SCRIPT_SANDBOXING = YES;
				GCC_C_LANGUAGE_STANDARD = gnu17;
				GCC_NO_COMMON_BLOCKS = YES;
				GCC_WARN_64_TO_32_BIT_CONVERSION = YES;
				GCC_WARN_ABOUT_RETURN_TYPE = YES_ERROR;
				GCC_WARN_UNDECLARED_SELECTOR = YES;
				GCC_WARN_UNINITIALIZED_AUTOS = YES_AGGRESSIVE;
				GCC_WARN_UNUSED_FUNCTION = YES;
				GCC_WARN_UNUSED_VARIABLE = YES;
				LOCALIZATION_PREFERS_STRING_CATALOGS = YES;
				MTL_ENABLE_DEBUG_INFO = NO;
				MTL_FAST_MATH = YES;
				SWIFT_COMPILATION_MODE = wholemodule;
			};
			name = Release;
		};
		48D84CBB30583B89002CD7B2 /* Debug */ = {
			isa = XCBuildConfiguration;
			baseConfigurationReference = 4C0F160000000000000000A1 /* Config.xcconfig */;
			buildSettings = {
				ASSETCATALOG_COMPILER_APPICON_NAME = AppIcon;
				ASSETCATALOG_COMPILER_GLOBAL_ACCENT_COLOR_NAME = AccentColor;
				CODE_SIGN_STYLE = Automatic;
				CURRENT_PROJECT_VERSION = 1;
				ENABLE_APP_SANDBOX = YES;
				ENABLE_HARDENED_RUNTIME = YES;
				ENABLE_PREVIEWS = YES;
				ENABLE_USER_SELECTED_FILES = readonly;
				GENERATE_INFOPLIST_FILE = YES;
				INFOPLIST_FILE = Support/Info.plist;
				"INFOPLIST_KEY_UIApplicationSceneManifest_Generation[sdk=iphoneos*]" = YES;
				"INFOPLIST_KEY_UIApplicationSceneManifest_Generation[sdk=iphonesimulator*]" = YES;
				"INFOPLIST_KEY_UIApplicationSupportsIndirectInputEvents[sdk=iphoneos*]" = YES;
				"INFOPLIST_KEY_UIApplicationSupportsIndirectInputEvents[sdk=iphonesimulator*]" = YES;
				"INFOPLIST_KEY_UILaunchScreen_Generation[sdk=iphoneos*]" = YES;
				"INFOPLIST_KEY_UILaunchScreen_Generation[sdk=iphonesimulator*]" = YES;
				"INFOPLIST_KEY_UIStatusBarStyle[sdk=iphoneos*]" = UIStatusBarStyleDefault;
				"INFOPLIST_KEY_UIStatusBarStyle[sdk=iphonesimulator*]" = UIStatusBarStyleDefault;
				INFOPLIST_KEY_UISupportedInterfaceOrientations_iPad = "UIInterfaceOrientationPortrait UIInterfaceOrientationPortraitUpsideDown UIInterfaceOrientationLandscapeLeft UIInterfaceOrientationLandscapeRight";
				INFOPLIST_KEY_UISupportedInterfaceOrientations_iPhone = "UIInterfaceOrientationPortrait UIInterfaceOrientationLandscapeLeft UIInterfaceOrientationLandscapeRight";
				IPHONEOS_DEPLOYMENT_TARGET = 26.0;
				LD_RUNPATH_SEARCH_PATHS = "@executable_path/Frameworks";
				"LD_RUNPATH_SEARCH_PATHS[sdk=macosx*]" = "@executable_path/../Frameworks";
				MACOSX_DEPLOYMENT_TARGET = 26.0;
				MARKETING_VERSION = 1.0;
				PRODUCT_BUNDLE_IDENTIFIER = movietable.ai.MovieTable;
				PRODUCT_NAME = "$(TARGET_NAME)";
				REGISTER_APP_GROUPS = YES;
				SDKROOT = auto;
				STRING_CATALOG_GENERATE_SYMBOLS = YES;
				SUPPORTED_PLATFORMS = "iphoneos iphonesimulator macosx";
				SWIFT_APPROACHABLE_CONCURRENCY = YES;
				SWIFT_STRICT_CONCURRENCY = complete;
				SWIFT_DEFAULT_ACTOR_ISOLATION = MainActor;
				SWIFT_EMIT_LOC_STRINGS = YES;
				SWIFT_UPCOMING_FEATURE_MEMBER_IMPORT_VISIBILITY = YES;
				SWIFT_VERSION = 6.0;
				TARGETED_DEVICE_FAMILY = "1,2";
			};
			name = Debug;
		};
		48D84CBC30583B89002CD7B2 /* Release */ = {
			isa = XCBuildConfiguration;
			baseConfigurationReference = 4C0F160000000000000000A1 /* Config.xcconfig */;
			buildSettings = {
				ASSETCATALOG_COMPILER_APPICON_NAME = AppIcon;
				ASSETCATALOG_COMPILER_GLOBAL_ACCENT_COLOR_NAME = AccentColor;
				CODE_SIGN_STYLE = Automatic;
				CURRENT_PROJECT_VERSION = 1;
				ENABLE_APP_SANDBOX = YES;
				ENABLE_HARDENED_RUNTIME = YES;
				ENABLE_PREVIEWS = YES;
				ENABLE_USER_SELECTED_FILES = readonly;
				GENERATE_INFOPLIST_FILE = YES;
				INFOPLIST_FILE = Support/Info.plist;
				"INFOPLIST_KEY_UIApplicationSceneManifest_Generation[sdk=iphoneos*]" = YES;
				"INFOPLIST_KEY_UIApplicationSceneManifest_Generation[sdk=iphonesimulator*]" = YES;
				"INFOPLIST_KEY_UIApplicationSupportsIndirectInputEvents[sdk=iphoneos*]" = YES;
				"INFOPLIST_KEY_UIApplicationSupportsIndirectInputEvents[sdk=iphonesimulator*]" = YES;
				"INFOPLIST_KEY_UILaunchScreen_Generation[sdk=iphoneos*]" = YES;
				"INFOPLIST_KEY_UILaunchScreen_Generation[sdk=iphonesimulator*]" = YES;
				"INFOPLIST_KEY_UIStatusBarStyle[sdk=iphoneos*]" = UIStatusBarStyleDefault;
				"INFOPLIST_KEY_UIStatusBarStyle[sdk=iphonesimulator*]" = UIStatusBarStyleDefault;
				INFOPLIST_KEY_UISupportedInterfaceOrientations_iPad = "UIInterfaceOrientationPortrait UIInterfaceOrientationPortraitUpsideDown UIInterfaceOrientationLandscapeLeft UIInterfaceOrientationLandscapeRight";
				INFOPLIST_KEY_UISupportedInterfaceOrientations_iPhone = "UIInterfaceOrientationPortrait UIInterfaceOrientationLandscapeLeft UIInterfaceOrientationLandscapeRight";
				IPHONEOS_DEPLOYMENT_TARGET = 26.0;
				LD_RUNPATH_SEARCH_PATHS = "@executable_path/Frameworks";
				"LD_RUNPATH_SEARCH_PATHS[sdk=macosx*]" = "@executable_path/../Frameworks";
				MACOSX_DEPLOYMENT_TARGET = 26.0;
				MARKETING_VERSION = 1.0;
				PRODUCT_BUNDLE_IDENTIFIER = movietable.ai.MovieTable;
				PRODUCT_NAME = "$(TARGET_NAME)";
				REGISTER_APP_GROUPS = YES;
				SDKROOT = auto;
				STRING_CATALOG_GENERATE_SYMBOLS = YES;
				SUPPORTED_PLATFORMS = "iphoneos iphonesimulator macosx";
				SWIFT_APPROACHABLE_CONCURRENCY = YES;
				SWIFT_STRICT_CONCURRENCY = complete;
				SWIFT_DEFAULT_ACTOR_ISOLATION = MainActor;
				SWIFT_EMIT_LOC_STRINGS = YES;
				SWIFT_UPCOMING_FEATURE_MEMBER_IMPORT_VISIBILITY = YES;
				SWIFT_VERSION = 6.0;
				TARGETED_DEVICE_FAMILY = "1,2";
			};
			name = Release;
		};
		48D84CBE30583B89002CD7B2 /* Debug */ = {
			isa = XCBuildConfiguration;
			buildSettings = {
				BUNDLE_LOADER = "$(TEST_HOST)";
				CODE_SIGN_STYLE = Automatic;
				CURRENT_PROJECT_VERSION = 1;
				GENERATE_INFOPLIST_FILE = YES;
				IPHONEOS_DEPLOYMENT_TARGET = 26.0;
				MACOSX_DEPLOYMENT_TARGET = 26.0;
				MARKETING_VERSION = 1.0;
				PRODUCT_BUNDLE_IDENTIFIER = movietable.ai.MovieTableTests;
				PRODUCT_NAME = "$(TARGET_NAME)";
				SDKROOT = auto;
				STRING_CATALOG_GENERATE_SYMBOLS = NO;
				SUPPORTED_PLATFORMS = "iphoneos iphonesimulator macosx";
				SWIFT_APPROACHABLE_CONCURRENCY = YES;
				SWIFT_STRICT_CONCURRENCY = complete;
				SWIFT_EMIT_LOC_STRINGS = NO;
				SWIFT_UPCOMING_FEATURE_MEMBER_IMPORT_VISIBILITY = YES;
				SWIFT_VERSION = 6.0;
				TARGETED_DEVICE_FAMILY = "1,2";
				TEST_HOST = "$(BUILT_PRODUCTS_DIR)/MovieTable.app/$(BUNDLE_EXECUTABLE_FOLDER_PATH)/MovieTable";
			};
			name = Debug;
		};
		48D84CBF30583B89002CD7B2 /* Release */ = {
			isa = XCBuildConfiguration;
			buildSettings = {
				BUNDLE_LOADER = "$(TEST_HOST)";
				CODE_SIGN_STYLE = Automatic;
				CURRENT_PROJECT_VERSION = 1;
				GENERATE_INFOPLIST_FILE = YES;
				IPHONEOS_DEPLOYMENT_TARGET = 26.0;
				MACOSX_DEPLOYMENT_TARGET = 26.0;
				MARKETING_VERSION = 1.0;
				PRODUCT_BUNDLE_IDENTIFIER = movietable.ai.MovieTableTests;
				PRODUCT_NAME = "$(TARGET_NAME)";
				SDKROOT = auto;
				STRING_CATALOG_GENERATE_SYMBOLS = NO;
				SUPPORTED_PLATFORMS = "iphoneos iphonesimulator macosx";
				SWIFT_APPROACHABLE_CONCURRENCY = YES;
				SWIFT_STRICT_CONCURRENCY = complete;
				SWIFT_EMIT_LOC_STRINGS = NO;
				SWIFT_UPCOMING_FEATURE_MEMBER_IMPORT_VISIBILITY = YES;
				SWIFT_VERSION = 6.0;
				TARGETED_DEVICE_FAMILY = "1,2";
				TEST_HOST = "$(BUILT_PRODUCTS_DIR)/MovieTable.app/$(BUNDLE_EXECUTABLE_FOLDER_PATH)/MovieTable";
			};
			name = Release;
		};
		48D84CC130583B89002CD7B2 /* Debug */ = {
			isa = XCBuildConfiguration;
			buildSettings = {
				CODE_SIGN_STYLE = Automatic;
				CURRENT_PROJECT_VERSION = 1;
				GENERATE_INFOPLIST_FILE = YES;
				IPHONEOS_DEPLOYMENT_TARGET = 26.0;
				MACOSX_DEPLOYMENT_TARGET = 26.0;
				MARKETING_VERSION = 1.0;
				PRODUCT_BUNDLE_IDENTIFIER = movietable.ai.MovieTableUITests;
				PRODUCT_NAME = "$(TARGET_NAME)";
				SDKROOT = auto;
				STRING_CATALOG_GENERATE_SYMBOLS = NO;
				SUPPORTED_PLATFORMS = "iphoneos iphonesimulator macosx";
				SWIFT_APPROACHABLE_CONCURRENCY = YES;
				SWIFT_STRICT_CONCURRENCY = complete;
				SWIFT_EMIT_LOC_STRINGS = NO;
				SWIFT_UPCOMING_FEATURE_MEMBER_IMPORT_VISIBILITY = YES;
				SWIFT_VERSION = 6.0;
				TARGETED_DEVICE_FAMILY = "1,2";
				TEST_TARGET_NAME = MovieTable;
			};
			name = Debug;
		};
		48D84CC230583B89002CD7B2 /* Release */ = {
			isa = XCBuildConfiguration;
			buildSettings = {
				CODE_SIGN_STYLE = Automatic;
				CURRENT_PROJECT_VERSION = 1;
				GENERATE_INFOPLIST_FILE = YES;
				IPHONEOS_DEPLOYMENT_TARGET = 26.0;
				MACOSX_DEPLOYMENT_TARGET = 26.0;
				MARKETING_VERSION = 1.0;
				PRODUCT_BUNDLE_IDENTIFIER = movietable.ai.MovieTableUITests;
				PRODUCT_NAME = "$(TARGET_NAME)";
				SDKROOT = auto;
				STRING_CATALOG_GENERATE_SYMBOLS = NO;
				SUPPORTED_PLATFORMS = "iphoneos iphonesimulator macosx";
				SWIFT_APPROACHABLE_CONCURRENCY = YES;
				SWIFT_STRICT_CONCURRENCY = complete;
				SWIFT_EMIT_LOC_STRINGS = NO;
				SWIFT_UPCOMING_FEATURE_MEMBER_IMPORT_VISIBILITY = YES;
				SWIFT_VERSION = 6.0;
				TARGETED_DEVICE_FAMILY = "1,2";
				TEST_TARGET_NAME = MovieTable;
			};
			name = Release;
		};
/* End XCBuildConfiguration section */

/* Begin XCConfigurationList section */
		48D84C9430583B84002CD7B2 /* Build configuration list for PBXProject "MovieTable" */ = {
			isa = XCConfigurationList;
			buildConfigurations = (
				48D84CB830583B89002CD7B2 /* Debug */,
				48D84CB930583B89002CD7B2 /* Release */,
			);
			defaultConfigurationIsVisible = 0;
			defaultConfigurationName = Release;
		};
		48D84CBA30583B89002CD7B2 /* Build configuration list for PBXNativeTarget "MovieTable" */ = {
			isa = XCConfigurationList;
			buildConfigurations = (
				48D84CBB30583B89002CD7B2 /* Debug */,
				48D84CBC30583B89002CD7B2 /* Release */,
			);
			defaultConfigurationIsVisible = 0;
			defaultConfigurationName = Release;
		};
		48D84CBD30583B89002CD7B2 /* Build configuration list for PBXNativeTarget "MovieTableTests" */ = {
			isa = XCConfigurationList;
			buildConfigurations = (
				48D84CBE30583B89002CD7B2 /* Debug */,
				48D84CBF30583B89002CD7B2 /* Release */,
			);
			defaultConfigurationIsVisible = 0;
			defaultConfigurationName = Release;
		};
		48D84CC030583B89002CD7B2 /* Build configuration list for PBXNativeTarget "MovieTableUITests" */ = {
			isa = XCConfigurationList;
			buildConfigurations = (
				48D84CC130583B89002CD7B2 /* Debug */,
				48D84CC230583B89002CD7B2 /* Release */,
			);
			defaultConfigurationIsVisible = 0;
			defaultConfigurationName = Release;
		};
/* End XCConfigurationList section */

/* Begin XCLocalSwiftPackageReference section */
		4C0F160000000000000000B1 /* XCLocalSwiftPackageReference "Packages/MovieTableCore" */ = {
			isa = XCLocalSwiftPackageReference;
			relativePath = Packages/MovieTableCore;
		};
		4C0F160000000000000000B2 /* XCLocalSwiftPackageReference "Packages/MovieTableData" */ = {
			isa = XCLocalSwiftPackageReference;
			relativePath = Packages/MovieTableData;
		};
		4C0F160000000000000000B3 /* XCLocalSwiftPackageReference "Packages/MovieTableUI" */ = {
			isa = XCLocalSwiftPackageReference;
			relativePath = Packages/MovieTableUI;
		};
/* End XCLocalSwiftPackageReference section */

/* Begin XCSwiftPackageProductDependency section */
		4C0F160000000000000000C1 /* MovieTableCore */ = {
			isa = XCSwiftPackageProductDependency;
			package = 4C0F160000000000000000B1 /* XCLocalSwiftPackageReference "Packages/MovieTableCore" */;
			productName = MovieTableCore;
		};
		4C0F160000000000000000C2 /* MovieTableData */ = {
			isa = XCSwiftPackageProductDependency;
			package = 4C0F160000000000000000B2 /* XCLocalSwiftPackageReference "Packages/MovieTableData" */;
			productName = MovieTableData;
		};
		4C0F160000000000000000C3 /* MovieTableUI */ = {
			isa = XCSwiftPackageProductDependency;
			package = 4C0F160000000000000000B3 /* XCLocalSwiftPackageReference "Packages/MovieTableUI" */;
			productName = MovieTableUI;
		};
/* End XCSwiftPackageProductDependency section */

	};
	rootObject = 48D84C9130583B84002CD7B2 /* Project object */;
}
